{
  "requires": true,
  "lockfileVersion": 1,
  "dependencies": {
    "undom": {
      "version": "0.4.0",
      "resolved": "https://registry.npmjs.org/undom/-/undom-0.4.0.tgz",
      "integrity": "sha512-8azrUL2oaprTIKl//+dbx9BMDt3kW1TyBfRpYdemK1zBJe63AUu6O28nzv/Fx1maJAtkwlD8a6312MqomDYFOg=="
    }
  }
}
